lockfileVersion
:
'
9
.
0
'
settings
:
autoInstallPeers
:
true
excludeLinksFromLockfile
:
false
importers
:
.
:
dependencies
:
fast
-
uri
:
specifier
:
3
.
1
.
4
version
:
3
.
1
.
4
packages
:
fast
-
uri
3
.
1
.
4
:
resolution
:
{
integrity
:
sha512
-
8JnbkQ4juDyvYs4mgFGQqg4yCYtFDtUtmp2QIQq11ZZe5CFQ5wcqm1rqDgAh
/
QdMySuBnPzMUiJUNZG5N
/
AiQw
=
=
}
snapshots
:
fast
-
uri
3
.
1
.
4
:
{
}
